
Microsoft Visual Studio Solution File, Format Version 12.00
# Visual Studio 14
VisualStudioVersion = 14.0.24720.0
MinimumVisualStudioVersion = 10.0.40219.1
Project("{FAE04EC0-301F-11D3-BF4B-00C04F79EFBC}") = "SnakeUnMess", "SnakeUnMess\SnakeUnMess.csproj", "{B9BAF4D9-B0E3-4CAD-89B3-6D67229FF2CB}"
EndProject
Project("{F088123C-0E9E-452A-89E6-6BA2F21D5CAC}") = "ClassDiagramSnake", "ClassDiagramSnake\ClassDiagramSnake.modelproj", "{4FA36922-A74B-4792-86B2-C46280998C3F}"
EndProject
Global
	GlobalSection(SolutionConfigurationPlatforms) = preSolution
		Debug|Any CPU = Debug|Any CPU
		Release|Any CPU = Release|Any CPU
	EndGlobalSection
	GlobalSection(ProjectConfigurationPlatforms) = postSolution
		{B9BAF4D9-B0E3-4CAD-89B3-6D67229FF2CB}.Debug|Any CPU.ActiveCfg = Debug|Any CPU
		{B9BAF4D9-B0E3-4CAD-89B3-6D67229FF2CB}.Debug|Any CPU.Build.0 = Debug|Any CPU
		{B9BAF4D9-B0E3-4CAD-89B3-6D67229FF2CB}.Release|Any CPU.ActiveCfg = Release|Any CPU
		{B9BAF4D9-B0E3-4CAD-89B3-6D67229FF2CB}.Release|Any CPU.Build.0 = Release|Any CPU
		{4FA36922-A74B-4792-86B2-C46280998C3F}.Debug|Any CPU.ActiveCfg = Debug|Any CPU
		{4FA36922-A74B-4792-86B2-C46280998C3F}.Debug|Any CPU.Build.0 = Debug|Any CPU
		{4FA36922-A74B-4792-86B2-C46280998C3F}.Release|Any CPU.ActiveCfg = Release|Any CPU
		{4FA36922-A74B-4792-86B2-C46280998C3F}.Release|Any CPU.Build.0 = Release|Any CPU
	EndGlobalSection
	GlobalSection(SolutionProperties) = preSolution
		HideSolutionNode = FALSE
	EndGlobalSection
EndGlobal
